<Solution Description="Visual Studio slnx file generated by Premake" Version="1.4">
  <Configurations>
    <BuildType Name="Debug" />
    <BuildType Name="Dist" />
    <BuildType Name="Release" />
    <Platform Name="x64" />
  </Configurations>
  <Project Path="Rynex\Rynex.vcxproj" Id="BB140F0E-2729-37BF-F0AA-DA1E5C7E33F0">
  </Project>
  <Project Path="Rynex-Editor\Rynex-Editor.vcxproj" Id="0FD824B0-FB3A-B454-A4C0-EC0A900280D7" DefaultStartup="true">
  </Project>
  <Project Path="Sandbox\Sandbox.vcxproj" Id="F4C124E3-60A1-A37E-69B9-2E55D5170AE0">
  </Project>
  <Folder Name="/Core/">
    <Project Path="Rynex-ScriptingCore\Rynex-ScriptingCore.csproj" Id="6497D394-D0F8-B0A2-5966-F754C5C6E761">
    </Project>
  </Folder>
  <Folder Name="/Dependencies/">
    <Project Path="Rynex\vendor\msdf-atelas-gen\msdfgen\freetype\freetype.vcxproj" Id="89895BD8-7556-B6E3-9E6F-A48B8A9BEB71">
    </Project>
    <Project Path="Rynex\vendor\Glad\Glad.vcxproj" Id="BDD6857C-A90D-870D-52FA-6C103E10030F">
    </Project>
    <Project Path="Rynex\vendor\GLFW\GLFW.vcxproj" Id="154B857C-0182-860D-AA6E-6C109684020F">
    </Project>
    <Project Path="Rynex\vendor\imgui\ImGui.vcxproj" Id="C0FF640D-2C14-8DBE-F595-301E616989EF">
    </Project>
    <Project Path="Rynex\vendor\implot\ImPolt.vcxproj" Id="7ACE09BA-6670-3490-4F2B-48E43B6CBBE0">
    </Project>
    <Project Path="Rynex\vendor\meshoptimizer\meshoptimizer.vcxproj" Id="75046AD2-E1C4-E508-AAFF-2E86167F2AE5">
    </Project>
    <Project Path="Rynex\vendor\msdf-atelas-gen\msdf-atlas-gen.vcxproj" Id="38BD587B-248B-4C81-0D1F-BDA7F98B28E6">
    </Project>
    <Project Path="Rynex\vendor\msdf-atelas-gen\msdfgen\msdfgen.vcxproj" Id="8900D8DD-F5DF-5679-FEF7-E14F6A56BDDA">
    </Project>
    <Project Path="Rynex\vendor\yaml-cpp\yaml-cpp.vcxproj" Id="88F1A057-74BE-FB62-9DD7-E90A890331F1">
    </Project>
  </Folder>
</Solution>